
Microsoft Visual Studio Solution File, Format Version 12.00
# Visual Studio Version 16
VisualStudioVersion = 16.0.29326.143
MinimumVisualStudioVersion = 10.0.40219.1
Project("{FAE04EC0-301F-11D3-BF4B-00C04F79EFBC}") = "Nhapten", "Nhapten\Nhapten.csproj", "{1F01F523-0596-41A3-BFA0-F0B94B330A20}"
EndProject
Global
	GlobalSection(SolutionConfigurationPlatforms) = preSolution
		Debug|Any CPU = Debug|Any CPU
		Release|Any CPU = Release|Any CPU
	EndGlobalSection
	GlobalSection(ProjectConfigurationPlatforms) = postSolution
		{1F01F523-0596-41A3-BFA0-F0B94B330A20}.Debug|Any CPU.ActiveCfg = Debug|Any CPU
		{1F01F523-0596-41A3-BFA0-F0B94B330A20}.Debug|Any CPU.Build.0 = Debug|Any CPU
		{1F01F523-0596-41A3-BFA0-F0B94B330A20}.Release|Any CPU.ActiveCfg = Release|Any CPU
		{1F01F523-0596-41A3-BFA0-F0B94B330A20}.Release|Any CPU.Build.0 = Release|Any CPU
	EndGlobalSection
	GlobalSection(SolutionProperties) = preSolution
		HideSolutionNode = FALSE
	EndGlobalSection
	GlobalSection(ExtensibilityGlobals) = postSolution
		SolutionGuid = {3F910790-3F89-4126-BEEA-1BB630A4379B}
	EndGlobalSection
EndGlobal
